
Microsoft Visual Studio Solution File, Format Version 12.00
# Visual Studio 15
VisualStudioVersion = 15.0.28307.271
MinimumVisualStudioVersion = 10.0.40219.1
Project("{9A19103F-16F7-4668-BE54-9A1E7A4F7556}") = "TennisMatchArranger.Common", "TennisMatchArranger.Common\TennisMatchArranger.Common.csproj", "{31D0D6E5-CE45-4E05-A4B5-5CBBE884A5B6}"
EndProject
Project("{FAE04EC0-301F-11D3-BF4B-00C04F79EFBC}") = "TennisMatchArranger.API", "TennisMatchArranger.API\TennisMatchArranger.API.csproj", "{0A713BAC-B041-4944-B388-A1525133ABF2}"
EndProject
Project("{FAE04EC0-301F-11D3-BF4B-00C04F79EFBC}") = "TennisMatchArranger.Background", "TennisMatchArranger.Background\TennisMatchArranger.Background.csproj", "{3F0BCAFA-CA47-4D42-870E-A11C41FB8915}"
EndProject
Global
	GlobalSection(SolutionConfigurationPlatforms) = preSolution
		Debug|Any CPU = Debug|Any CPU
		Release|Any CPU = Release|Any CPU
	EndGlobalSection
	GlobalSection(ProjectConfigurationPlatforms) = postSolution
		{31D0D6E5-CE45-4E05-A4B5-5CBBE884A5B6}.Debug|Any CPU.ActiveCfg = Debug|Any CPU
		{31D0D6E5-CE45-4E05-A4B5-5CBBE884A5B6}.Debug|Any CPU.Build.0 = Debug|Any CPU
		{31D0D6E5-CE45-4E05-A4B5-5CBBE884A5B6}.Release|Any CPU.ActiveCfg = Release|Any CPU
		{31D0D6E5-CE45-4E05-A4B5-5CBBE884A5B6}.Release|Any CPU.Build.0 = Release|Any CPU
		{0A713BAC-B041-4944-B388-A1525133ABF2}.Debug|Any CPU.ActiveCfg = Debug|Any CPU
		{0A713BAC-B041-4944-B388-A1525133ABF2}.Debug|Any CPU.Build.0 = Debug|Any CPU
		{0A713BAC-B041-4944-B388-A1525133ABF2}.Release|Any CPU.ActiveCfg = Release|Any CPU
		{0A713BAC-B041-4944-B388-A1525133ABF2}.Release|Any CPU.Build.0 = Release|Any CPU
		{3F0BCAFA-CA47-4D42-870E-A11C41FB8915}.Debug|Any CPU.ActiveCfg = Debug|Any CPU
		{3F0BCAFA-CA47-4D42-870E-A11C41FB8915}.Debug|Any CPU.Build.0 = Debug|Any CPU
		{3F0BCAFA-CA47-4D42-870E-A11C41FB8915}.Release|Any CPU.ActiveCfg = Release|Any CPU
		{3F0BCAFA-CA47-4D42-870E-A11C41FB8915}.Release|Any CPU.Build.0 = Release|Any CPU
	EndGlobalSection
	GlobalSection(SolutionProperties) = preSolution
		HideSolutionNode = FALSE
	EndGlobalSection
	GlobalSection(ExtensibilityGlobals) = postSolution
		SolutionGuid = {6357A980-4B9F-4B31-AD8D-307117DD1060}
	EndGlobalSection
EndGlobal
